
Microsoft Visual Studio Solution File, Format Version 12.00
# Visual Studio 15
VisualStudioVersion = 15.0.28010.2026
MinimumVisualStudioVersion = 10.0.40219.1
Project("{FAE04EC0-301F-11D3-BF4B-00C04F79EFBC}") = "Day1", "Day1\Day1.csproj", "{4382E15B-DFFB-47E8-9364-5D9206B9723C}"
EndProject
Project("{9A19103F-16F7-4668-BE54-9A1E7A4F7556}") = "Day2", "Day2\Day2.csproj", "{F709FC58-0D2E-4BC6-875D-4E43E3253044}"
EndProject
Project("{9A19103F-16F7-4668-BE54-9A1E7A4F7556}") = "Day3", "Day3\Day3.csproj", "{F2982B2B-7007-4A65-A53B-CBB45BCD24F4}"
EndProject
Project("{9A19103F-16F7-4668-BE54-9A1E7A4F7556}") = "Day4", "Day4\Day4.csproj", "{F23686DC-5088-4AD0-89F0-1EE55DAC6CBC}"
EndProject
Global
	GlobalSection(SolutionConfigurationPlatforms) = preSolution
		Debug|Any CPU = Debug|Any CPU
		Release|Any CPU = Release|Any CPU
	EndGlobalSection
	GlobalSection(ProjectConfigurationPlatforms) = postSolution
		{4382E15B-DFFB-47E8-9364-5D9206B9723C}.Debug|Any CPU.ActiveCfg = Debug|Any CPU
		{4382E15B-DFFB-47E8-9364-5D9206B9723C}.Debug|Any CPU.Build.0 = Debug|Any CPU
		{4382E15B-DFFB-47E8-9364-5D9206B9723C}.Release|Any CPU.ActiveCfg = Release|Any CPU
		{4382E15B-DFFB-47E8-9364-5D9206B9723C}.Release|Any CPU.Build.0 = Release|Any CPU
		{F709FC58-0D2E-4BC6-875D-4E43E3253044}.Debug|Any CPU.ActiveCfg = Debug|Any CPU
		{F709FC58-0D2E-4BC6-875D-4E43E3253044}.Debug|Any CPU.Build.0 = Debug|Any CPU
		{F709FC58-0D2E-4BC6-875D-4E43E3253044}.Release|Any CPU.ActiveCfg = Release|Any CPU
		{F709FC58-0D2E-4BC6-875D-4E43E3253044}.Release|Any CPU.Build.0 = Release|Any CPU
		{F2982B2B-7007-4A65-A53B-CBB45BCD24F4}.Debug|Any CPU.ActiveCfg = Debug|Any CPU
		{F2982B2B-7007-4A65-A53B-CBB45BCD24F4}.Debug|Any CPU.Build.0 = Debug|Any CPU
		{F2982B2B-7007-4A65-A53B-CBB45BCD24F4}.Release|Any CPU.ActiveCfg = Release|Any CPU
		{F2982B2B-7007-4A65-A53B-CBB45BCD24F4}.Release|Any CPU.Build.0 = Release|Any CPU
		{F23686DC-5088-4AD0-89F0-1EE55DAC6CBC}.Debug|Any CPU.ActiveCfg = Debug|Any CPU
		{F23686DC-5088-4AD0-89F0-1EE55DAC6CBC}.Debug|Any CPU.Build.0 = Debug|Any CPU
		{F23686DC-5088-4AD0-89F0-1EE55DAC6CBC}.Release|Any CPU.ActiveCfg = Release|Any CPU
		{F23686DC-5088-4AD0-89F0-1EE55DAC6CBC}.Release|Any CPU.Build.0 = Release|Any CPU
	EndGlobalSection
	GlobalSection(SolutionProperties) = preSolution
		HideSolutionNode = FALSE
	EndGlobalSection
	GlobalSection(ExtensibilityGlobals) = postSolution
		SolutionGuid = {9037017F-48AB-4FFC-A929-77B92B8D87CE}
	EndGlobalSection
EndGlobal
